// !$*UTF8*$!
{
	archiveVersion = 1;
	classes = {
	};
	objectVersion = 50;
	objects = {

/* Begin PBXBuildFile section */
		C9F6A37024DEBE7400AE448D /* AppDelegate.swift in Sources */ = {isa = PBXBuildFile; fileRef = C9F6A36F24DEBE7400AE448D /* AppDelegate.swift */; };
		C9F6A37224DEBE7400AE448D /* SceneDelegate.swift in Sources */ = {isa = PBXBuildFile; fileRef = C9F6A37124DEBE7400AE448D /* SceneDelegate.swift */; };
		C9F6A37724DEBE7400AE448D /* Main.storyboard in Resources */ = {isa = PBXBuildFile; fileRef = C9F6A37524DEBE7400AE448D /* Main.storyboard */; };
		C9F6A37924DEBE7700AE448D /* Assets.xcassets in Resources */ = {isa = PBXBuildFile; fileRef = C9F6A37824DEBE7700AE448D /* Assets.xcassets */; };
		C9F6A37C24DEBE7700AE448D /* LaunchScreen.storyboard in Resources */ = {isa = PBXBuildFile; fileRef = C9F6A37A24DEBE7700AE448D /* LaunchScreen.storyboard */; };
		C9F6A38524DEBF1B00AE448D /* Thread.swift in Sources */ = {isa = PBXBuildFile; fileRef = C9F6A38424DEBF1B00AE448D /* Thread.swift */; };
		C9F6A38724DEBF4200AE448D /* Result.swift in Sources */ = {isa = PBXBuildFile; fileRef = C9F6A38624DEBF4200AE448D /* Result.swift */; };
		C9F6A38924DEBF5F00AE448D /* Extension.swift in Sources */ = {isa = PBXBuildFile; fileRef = C9F6A38824DEBF5F00AE448D /* Extension.swift */; };
		C9F6A38C24DEBFDE00AE448D /* NetworkManager.swift in Sources */ = {isa = PBXBuildFile; fileRef = C9F6A38B24DEBFDE00AE448D /* NetworkManager.swift */; };
		C9F6A38E24DEC00D00AE448D /* ImageDownloadManager.swift in Sources */ = {isa = PBXBuildFile; fileRef = C9F6A38D24DEC00D00AE448D /* ImageDownloadManager.swift */; };
		C9F6A39024DEC03900AE448D /* ImageDownloadOperation.swift in Sources */ = {isa = PBXBuildFile; fileRef = C9F6A38F24DEC03900AE448D /* ImageDownloadOperation.swift */; };
		C9F6A39224DEC05C00AE448D /* Rechability.swift in Sources */ = {isa = PBXBuildFile; fileRef = C9F6A39124DEC05C00AE448D /* Rechability.swift */; };
		C9F6A39424DEC07600AE448D /* Request.swift in Sources */ = {isa = PBXBuildFile; fileRef = C9F6A39324DEC07600AE448D /* Request.swift */; };
		C9F6A39724DEC16F00AE448D /* SearchCollectionViewController.swift in Sources */ = {isa = PBXBuildFile; fileRef = C9F6A39624DEC16F00AE448D /* SearchCollectionViewController.swift */; };
		C9F6A39A24DEC1FF00AE448D /* ImageCollectionViewCell.swift in Sources */ = {isa = PBXBuildFile; fileRef = C9F6A39824DEC1FF00AE448D /* ImageCollectionViewCell.swift */; };
		C9F6A39B24DEC1FF00AE448D /* ImageCollectionViewCell.xib in Resources */ = {isa = PBXBuildFile; fileRef = C9F6A39924DEC1FF00AE448D /* ImageCollectionViewCell.xib */; };
		C9F6A39E24DEC28200AE448D /* SearchService.swift in Sources */ = {isa = PBXBuildFile; fileRef = C9F6A39D24DEC28200AE448D /* SearchService.swift */; };
		C9F6A3A124DEC2BA00AE448D /* Photo.swift in Sources */ = {isa = PBXBuildFile; fileRef = C9F6A3A024DEC2BA00AE448D /* Photo.swift */; };
		C9F6A3A324DEC2E300AE448D /* SearchResult.swift in Sources */ = {isa = PBXBuildFile; fileRef = C9F6A3A224DEC2E300AE448D /* SearchResult.swift */; };
		C9F6A3A524DEC32100AE448D /* FlickerPhoto.swift in Sources */ = {isa = PBXBuildFile; fileRef = C9F6A3A424DEC32100AE448D /* FlickerPhoto.swift */; };
		C9F6A3A724DEC35E00AE448D /* Config.swift in Sources */ = {isa = PBXBuildFile; fileRef = C9F6A3A624DEC35E00AE448D /* Config.swift */; };
		C9F6A3AA24DEC38E00AE448D /* Constants.swift in Sources */ = {isa = PBXBuildFile; fileRef = C9F6A3A924DEC38E00AE448D /* Constants.swift */; };
		C9F6A3AD24DEC40500AE448D /* ImageModel.swift in Sources */ = {isa = PBXBuildFile; fileRef = C9F6A3AC24DEC40500AE448D /* ImageModel.swift */; };
		C9F6A3AF24DEC42800AE448D /* FlickerViewModel.swift in Sources */ = {isa = PBXBuildFile; fileRef = C9F6A3AE24DEC42800AE448D /* FlickerViewModel.swift */; };
		C9F6A3B224DEC49900AE448D /* ImageCache.swift in Sources */ = {isa = PBXBuildFile; fileRef = C9F6A3B124DEC49900AE448D /* ImageCache.swift */; };
/* End PBXBuildFile section */

/* Begin PBXFileReference section */
		C9F6A36C24DEBE7400AE448D /* FlickerSearch.app */ = {isa = PBXFileReference; explicitFileType = wrapper.application; includeInIndex = 0; path = FlickerSearch.app; sourceTree = BUILT_PRODUCTS_DIR; };
		C9F6A36F24DEBE7400AE448D /* AppDelegate.swift */ = {isa = PBXFileReference; lastKnownFileType = sourcecode.swift; path = AppDelegate.swift; sourceTree = "<group>"; };
		C9F6A37124DEBE7400AE448D /* SceneDelegate.swift */ = {isa = PBXFileReference; lastKnownFileType = sourcecode.swift; path = SceneDelegate.swift; sourceTree = "<group>"; };
		C9F6A37624DEBE7400AE448D /* Base */ = {isa = PBXFileReference; lastKnownFileType = file.storyboard; name = Base; path = Base.lproj/Main.storyboard; sourceTree = "<group>"; };
		C9F6A37824DEBE7700AE448D /* Assets.xcassets */ = {isa = PBXFileReference; lastKnownFileType = folder.assetcatalog; path = Assets.xcassets; sourceTree = "<group>"; };
		C9F6A37B24DEBE7700AE448D /* Base */ = {isa = PBXFileReference; lastKnownFileType = file.storyboard; name = Base; path = Base.lproj/LaunchScreen.storyboard; sourceTree = "<group>"; };
		C9F6A37D24DEBE7700AE448D /* Info.plist */ = {isa = PBXFileReference; lastKnownFileType = text.plist.xml; path = Info.plist; sourceTree = "<group>"; };
		C9F6A38424DEBF1B00AE448D /* Thread.swift */ = {isa = PBXFileReference; lastKnownFileType = sourcecode.swift; path = Thread.swift; sourceTree = "<group>"; };
		C9F6A38624DEBF4200AE448D /* Result.swift */ = {isa = PBXFileReference; lastKnownFileType = sourcecode.swift; path = Result.swift; sourceTree = "<group>"; };
		C9F6A38824DEBF5F00AE448D /* Extension.swift */ = {isa = PBXFileReference; lastKnownFileType = sourcecode.swift; path = Extension.swift; sourceTree = "<group>"; };
		C9F6A38B24DEBFDE00AE448D /* NetworkManager.swift */ = {isa = PBXFileReference; lastKnownFileType = sourcecode.swift; path = NetworkManager.swift; sourceTree = "<group>"; };
		C9F6A38D24DEC00D00AE448D /* ImageDownloadManager.swift */ = {isa = PBXFileReference; lastKnownFileType = sourcecode.swift; path = ImageDownloadManager.swift; sourceTree = "<group>"; };
		C9F6A38F24DEC03900AE448D /* ImageDownloadOperation.swift */ = {isa = PBXFileReference; lastKnownFileType = sourcecode.swift; path = ImageDownloadOperation.swift; sourceTree = "<group>"; };
		C9F6A39124DEC05C00AE448D /* Rechability.swift */ = {isa = PBXFileReference; lastKnownFileType = sourcecode.swift; path = Rechability.swift; sourceTree = "<group>"; };
		C9F6A39324DEC07600AE448D /* Request.swift */ = {isa = PBXFileReference; lastKnownFileType = sourcecode.swift; path = Request.swift; sourceTree = "<group>"; };
		C9F6A39624DEC16F00AE448D /* SearchCollectionViewController.swift */ = {isa = PBXFileReference; lastKnownFileType = sourcecode.swift; path = SearchCollectionViewController.swift; sourceTree = "<group>"; };
		C9F6A39824DEC1FF00AE448D /* ImageCollectionViewCell.swift */ = {isa = PBXFileReference; lastKnownFileType = sourcecode.swift; path = ImageCollectionViewCell.swift; sourceTree = "<group>"; };
		C9F6A39924DEC1FF00AE448D /* ImageCollectionViewCell.xib */ = {isa = PBXFileReference; lastKnownFileType = file.xib; path = ImageCollectionViewCell.xib; sourceTree = "<group>"; };
		C9F6A39D24DEC28200AE448D /* SearchService.swift */ = {isa = PBXFileReference; lastKnownFileType = sourcecode.swift; path = SearchService.swift; sourceTree = "<group>"; };
		C9F6A3A024DEC2BA00AE448D /* Photo.swift */ = {isa = PBXFileReference; lastKnownFileType = sourcecode.swift; path = Photo.swift; sourceTree = "<group>"; };
		C9F6A3A224DEC2E300AE448D /* SearchResult.swift */ = {isa = PBXFileReference; lastKnownFileType = sourcecode.swift; path = SearchResult.swift; sourceTree = "<group>"; };
		C9F6A3A424DEC32100AE448D /* FlickerPhoto.swift */ = {isa = PBXFileReference; lastKnownFileType = sourcecode.swift; path = FlickerPhoto.swift; sourceTree = "<group>"; };
		C9F6A3A624DEC35E00AE448D /* Config.swift */ = {isa = PBXFileReference; lastKnownFileType = sourcecode.swift; path = Config.swift; sourceTree = "<group>"; };
		C9F6A3A924DEC38E00AE448D /* Constants.swift */ = {isa = PBXFileReference; lastKnownFileType = sourcecode.swift; path = Constants.swift; sourceTree = "<group>"; };
		C9F6A3AC24DEC40500AE448D /* ImageModel.swift */ = {isa = PBXFileReference; lastKnownFileType = sourcecode.swift; path = ImageModel.swift; sourceTree = "<group>"; };
		C9F6A3AE24DEC42800AE448D /* FlickerViewModel.swift */ = {isa = PBXFileReference; lastKnownFileType = sourcecode.swift; path = FlickerViewModel.swift; sourceTree = "<group>"; };
		C9F6A3B124DEC49900AE448D /* ImageCache.swift */ = {isa = PBXFileReference; lastKnownFileType = sourcecode.swift; path = ImageCache.swift; sourceTree = "<group>"; };
/* End PBXFileReference section */

/* Begin PBXFrameworksBuildPhase section */
		C9F6A36924DEBE7400AE448D /* Frameworks */ = {
			isa = PBXFrameworksBuildPhase;
			buildActionMask = 2147483647;
			files = (
			);
			runOnlyForDeploymentPostprocessing = 0;
		};
/* End PBXFrameworksBuildPhase section */

/* Begin PBXGroup section */
		C9F6A36324DEBE7400AE448D = {
			isa = PBXGroup;
			children = (
				C9F6A36E24DEBE7400AE448D /* FlickerSearch */,
				C9F6A36D24DEBE7400AE448D /* Products */,
			);
			sourceTree = "<group>";
		};
		C9F6A36D24DEBE7400AE448D /* Products */ = {
			isa = PBXGroup;
			children = (
				C9F6A36C24DEBE7400AE448D /* FlickerSearch.app */,
			);
			name = Products;
			sourceTree = "<group>";
		};
		C9F6A36E24DEBE7400AE448D /* FlickerSearch */ = {
			isa = PBXGroup;
			children = (
				C9F6A3B024DEC48600AE448D /* DataCache */,
				C9F6A3AB24DEC3E000AE448D /* ViewModels */,
				C9F6A3A824DEC37D00AE448D /* Constants */,
				C9F6A39F24DEC2A800AE448D /* Models */,
				C9F6A39C24DEC25F00AE448D /* Services */,
				C9F6A39524DEC0EB00AE448D /* ViewController */,
				C9F6A38A24DEBFAB00AE448D /* Network */,
				C9F6A38324DEBF0100AE448D /* Utilities */,
				C9F6A36F24DEBE7400AE448D /* AppDelegate.swift */,
				C9F6A37124DEBE7400AE448D /* SceneDelegate.swift */,
				C9F6A37524DEBE7400AE448D /* Main.storyboard */,
				C9F6A37824DEBE7700AE448D /* Assets.xcassets */,
				C9F6A37A24DEBE7700AE448D /* LaunchScreen.storyboard */,
				C9F6A37D24DEBE7700AE448D /* Info.plist */,
			);
			path = FlickerSearch;
			sourceTree = "<group>";
		};
		C9F6A38324DEBF0100AE448D /* Utilities */ = {
			isa = PBXGroup;
			children = (
				C9F6A38424DEBF1B00AE448D /* Thread.swift */,
				C9F6A38624DEBF4200AE448D /* Result.swift */,
				C9F6A38824DEBF5F00AE448D /* Extension.swift */,
			);
			path = Utilities;
			sourceTree = "<group>";
		};
		C9F6A38A24DEBFAB00AE448D /* Network */ = {
			isa = PBXGroup;
			children = (
				C9F6A38B24DEBFDE00AE448D /* NetworkManager.swift */,
				C9F6A38D24DEC00D00AE448D /* ImageDownloadManager.swift */,
				C9F6A38F24DEC03900AE448D /* ImageDownloadOperation.swift */,
				C9F6A39124DEC05C00AE448D /* Rechability.swift */,
				C9F6A39324DEC07600AE448D /* Request.swift */,
			);
			path = Network;
			sourceTree = "<group>";
		};
		C9F6A39524DEC0EB00AE448D /* ViewController */ = {
			isa = PBXGroup;
			children = (
				C9F6A39624DEC16F00AE448D /* SearchCollectionViewController.swift */,
				C9F6A39824DEC1FF00AE448D /* ImageCollectionViewCell.swift */,
				C9F6A39924DEC1FF00AE448D /* ImageCollectionViewCell.xib */,
			);
			path = ViewController;
			sourceTree = "<group>";
		};
		C9F6A39C24DEC25F00AE448D /* Services */ = {
			isa = PBXGroup;
			children = (
				C9F6A39D24DEC28200AE448D /* SearchService.swift */,
			);
			path = Services;
			sourceTree = "<group>";
		};
		C9F6A39F24DEC2A800AE448D /* Models */ = {
			isa = PBXGroup;
			children = (
				C9F6A3A024DEC2BA00AE448D /* Photo.swift */,
				C9F6A3A224DEC2E300AE448D /* SearchResult.swift */,
				C9F6A3A424DEC32100AE448D /* FlickerPhoto.swift */,
				C9F6A3A624DEC35E00AE448D /* Config.swift */,
			);
			path = Models;
			sourceTree = "<group>";
		};
		C9F6A3A824DEC37D00AE448D /* Constants */ = {
			isa = PBXGroup;
			children = (
				C9F6A3A924DEC38E00AE448D /* Constants.swift */,
			);
			path = Constants;
			sourceTree = "<group>";
		};
		C9F6A3AB24DEC3E000AE448D /* ViewModels */ = {
			isa = PBXGroup;
			children = (
				C9F6A3AC24DEC40500AE448D /* ImageModel.swift */,
				C9F6A3AE24DEC42800AE448D /* FlickerViewModel.swift */,
			);
			path = ViewModels;
			sourceTree = "<group>";
		};
		C9F6A3B024DEC48600AE448D /* DataCache */ = {
			isa = PBXGroup;
			children = (
				C9F6A3B124DEC49900AE448D /* ImageCache.swift */,
			);
			path = DataCache;
			sourceTree = "<group>";
		};
/* End PBXGroup section */

/* Begin PBXNativeTarget section */
		C9F6A36B24DEBE7400AE448D /* FlickerSearch */ = {
			isa = PBXNativeTarget;
			buildConfigurationList = C9F6A38024DEBE7700AE448D /* Build configuration list for PBXNativeTarget "FlickerSearch" */;
			buildPhases = (
				C9F6A36824DEBE7400AE448D /* Sources */,
				C9F6A36924DEBE7400AE448D /* Frameworks */,
				C9F6A36A24DEBE7400AE448D /* Resources */,
			);
			buildRules = (
			);
			dependencies = (
			);
			name = FlickerSearch;
			productName = FlickerSearch;
			productReference = C9F6A36C24DEBE7400AE448D /* FlickerSearch.app */;
			productType = "com.apple.product-type.application";
		};
/* End PBXNativeTarget section */

/* Begin PBXProject section */
		C9F6A36424DEBE7400AE448D /* Project object */ = {
			isa = PBXProject;
			attributes = {
				LastSwiftUpdateCheck = 1140;
				LastUpgradeCheck = 1140;
				ORGANIZATIONNAME = "Andes Infotech";
				TargetAttributes = {
					C9F6A36B24DEBE7400AE448D = {
						CreatedOnToolsVersion = 11.4;
					};
				};
			};
			buildConfigurationList = C9F6A36724DEBE7400AE448D /* Build configuration list for PBXProject "FlickerSearch" */;
			compatibilityVersion = "Xcode 9.3";
			developmentRegion = en;
			hasScannedForEncodings = 0;
			knownRegions = (
				en,
				Base,
			);
			mainGroup = C9F6A36324DEBE7400AE448D;
			productRefGroup = C9F6A36D24DEBE7400AE448D /* Products */;
			projectDirPath = "";
			projectRoot = "";
			targets = (
				C9F6A36B24DEBE7400AE448D /* FlickerSearch */,
			);
		};
/* End PBXProject section */

/* Begin PBXResourcesBuildPhase section */
		C9F6A36A24DEBE7400AE448D /* Resources */ = {
			isa = PBXResourcesBuildPhase;
			buildActionMask = 2147483647;
			files = (
				C9F6A37C24DEBE7700AE448D /* LaunchScreen.storyboard in Resources */,
				C9F6A37924DEBE7700AE448D /* Assets.xcassets in Resources */,
				C9F6A39B24DEC1FF00AE448D /* ImageCollectionViewCell.xib in Resources */,
				C9F6A37724DEBE7400AE448D /* Main.storyboard in Resources */,
			);
			runOnlyForDeploymentPostprocessing = 0;
		};
/* End PBXResourcesBuildPhase section */

/* Begin PBXSourcesBuildPhase section */
		C9F6A36824DEBE7400AE448D /* Sources */ = {
			isa = PBXSourcesBuildPhase;
			buildActionMask = 2147483647;
			files = (
				C9F6A3A124DEC2BA00AE448D /* Photo.swift in Sources */,
				C9F6A39E24DEC28200AE448D /* SearchService.swift in Sources */,
				C9F6A39724DEC16F00AE448D /* SearchCollectionViewController.swift in Sources */,
				C9F6A38C24DEBFDE00AE448D /* NetworkManager.swift in Sources */,
				C9F6A3A724DEC35E00AE448D /* Config.swift in Sources */,
				C9F6A38924DEBF5F00AE448D /* Extension.swift in Sources */,
				C9F6A37024DEBE7400AE448D /* AppDelegate.swift in Sources */,
				C9F6A39024DEC03900AE448D /* ImageDownloadOperation.swift in Sources */,
				C9F6A3A524DEC32100AE448D /* FlickerPhoto.swift in Sources */,
				C9F6A3A324DEC2E300AE448D /* SearchResult.swift in Sources */,
				C9F6A38524DEBF1B00AE448D /* Thread.swift in Sources */,
				C9F6A39A24DEC1FF00AE448D /* ImageCollectionViewCell.swift in Sources */,
				C9F6A3B224DEC49900AE448D /* ImageCache.swift in Sources */,
				C9F6A38724DEBF4200AE448D /* Result.swift in Sources */,
				C9F6A39224DEC05C00AE448D /* Rechability.swift in Sources */,
				C9F6A39424DEC07600AE448D /* Request.swift in Sources */,
				C9F6A37224DEBE7400AE448D /* SceneDelegate.swift in Sources */,
				C9F6A38E24DEC00D00AE448D /* ImageDownloadManager.swift in Sources */,
				C9F6A3AF24DEC42800AE448D /* FlickerViewModel.swift in Sources */,
				C9F6A3AA24DEC38E00AE448D /* Constants.swift in Sources */,
				C9F6A3AD24DEC40500AE448D /* ImageModel.swift in Sources */,
			);
			runOnlyForDeploymentPostprocessing = 0;
		};
/* End PBXSourcesBuildPhase section */

/* Begin PBXVariantGroup section */
		C9F6A37524DEBE7400AE448D /* Main.storyboard */ = {
			isa = PBXVariantGroup;
			children = (
				C9F6A37624DEBE7400AE448D /* Base */,
			);
			name = Main.storyboard;
			sourceTree = "<group>";
		};
		C9F6A37A24DEBE7700AE448D /* LaunchScreen.storyboard */ = {
			isa = PBXVariantGroup;
			children = (
				C9F6A37B24DEBE7700AE448D /* Base */,
			);
			name = LaunchScreen.storyboard;
			sourceTree = "<group>";
		};
/* End PBXVariantGroup section */

/* Begin XCBuildConfiguration section */
		C9F6A37E24DEBE7700AE448D /* Debug */ = {
			isa = XCBuildConfiguration;
			buildSettings = {
				ALWAYS_SEARCH_USER_PATHS = NO;
				CLANG_ANALYZER_NONNULL = YES;
				CLANG_ANALYZER_NUMBER_OBJECT_CONVERSION = YES_AGGRESSIVE;
				CLANG_CXX_LANGUAGE_STANDARD = "gnu++14";
				CLANG_CXX_LIBRARY = "libc++";
				CLANG_ENABLE_MODULES = YES;
				CLANG_ENABLE_OBJC_ARC = YES;
				CLANG_ENABLE_OBJC_WEAK = YES;
				CLANG_WARN_BLOCK_CAPTURE_AUTORELEASING = YES;
				CLANG_WARN_BOOL_CONVERSION = YES;
				CLANG_WARN_COMMA = YES;
				CLANG_WARN_CONSTANT_CONVERSION = YES;
				CLANG_WARN_DEPRECATED_OBJC_IMPLEMENTATIONS = YES;
				CLANG_WARN_DIRECT_OBJC_ISA_USAGE = YES_ERROR;
				CLANG_WARN_DOCUMENTATION_COMMENTS = YES;
				CLANG_WARN_EMPTY_BODY = YES;
				CLANG_WARN_ENUM_CONVERSION = YES;
				CLANG_WARN_INFINITE_RECURSION = YES;
				CLANG_WARN_INT_CONVERSION = YES;
				CLANG_WARN_NON_LITERAL_NULL_CONVERSION = YES;
				CLANG_WARN_OBJC_IMPLICIT_RETAIN_SELF = YES;
				CLANG_WARN_OBJC_LITERAL_CONVERSION = YES;
				CLANG_WARN_OBJC_ROOT_CLASS = YES_ERROR;
				CLANG_WARN_RANGE_LOOP_ANALYSIS = YES;
				CLANG_WARN_STRICT_PROTOTYPES = YES;
				CLANG_WARN_SUSPICIOUS_MOVE = YES;
				CLANG_WARN_UNGUARDED_AVAILABILITY = YES_AGGRESSIVE;
				CLANG_WARN_UNREACHABLE_CODE = YES;
				CLANG_WARN__DUPLICATE_METHOD_MATCH = YES;
				COPY_PHASE_STRIP = NO;
				DEBUG_INFORMATION_FORMAT = dwarf;
				ENABLE_STRICT_OBJC_MSGSEND = YES;
				ENABLE_TESTABILITY = YES;
				GCC_C_LANGUAGE_STANDARD = gnu11;
				GCC_DYNAMIC_NO_PIC = NO;
				GCC_NO_COMMON_BLOCKS = YES;
				GCC_OPTIMIZATION_LEVEL = 0;
				GCC_PREPROCESSOR_DEFINITIONS = (
					"DEBUG=1",
					"$(inherited)",
				);
				GCC_WARN_64_TO_32_BIT_CONVERSION = YES;
				GCC_WARN_ABOUT_RETURN_TYPE = YES_ERROR;
				GCC_WARN_UNDECLARED_SELECTOR = YES;
				GCC_WARN_UNINITIALIZED_AUTOS = YES_AGGRESSIVE;
				GCC_WARN_UNUSED_FUNCTION = YES;
				GCC_WARN_UNUSED_VARIABLE = YES;
				IPHONEOS_DEPLOYMENT_TARGET = 13.4;
				MTL_ENABLE_DEBUG_INFO = INCLUDE_SOURCE;
				MTL_FAST_MATH = YES;
				ONLY_ACTIVE_ARCH = YES;
				SDKROOT = iphoneos;
				SWIFT_ACTIVE_COMPILATION_CONDITIONS = DEBUG;
				SWIFT_OPTIMIZATION_LEVEL = "-Onone";
			};
			name = Debug;
		};
		C9F6A37F24DEBE7700AE448D /* Release */ = {
			isa = XCBuildConfiguration;
			buildSettings = {
				ALWAYS_SEARCH_USER_PATHS = NO;
				CLANG_ANALYZER_NONNULL = YES;
				CLANG_ANALYZER_NUMBER_OBJECT_CONVERSION = YES_AGGRESSIVE;
				CLANG_CXX_LANGUAGE_STANDARD = "gnu++14";
				CLANG_CXX_LIBRARY = "libc++";
				CLANG_ENABLE_MODULES = YES;
				CLANG_ENABLE_OBJC_ARC = YES;
				CLANG_ENABLE_OBJC_WEAK = YES;
				CLANG_WARN_BLOCK_CAPTURE_AUTORELEASING = YES;
				CLANG_WARN_BOOL_CONVERSION = YES;
				CLANG_WARN_COMMA = YES;
				CLANG_WARN_CONSTANT_CONVERSION = YES;
				CLANG_WARN_DEPRECATED_OBJC_IMPLEMENTATIONS = YES;
				CLANG_WARN_DIRECT_OBJC_ISA_USAGE = YES_ERROR;
				CLANG_WARN_DOCUMENTATION_COMMENTS = YES;
				CLANG_WARN_EMPTY_BODY = YES;
				CLANG_WARN_ENUM_CONVERSION = YES;
				CLANG_WARN_INFINITE_RECURSION = YES;
				CLANG_WARN_INT_CONVERSION = YES;
				CLANG_WARN_NON_LITERAL_NULL_CONVERSION = YES;
				CLANG_WARN_OBJC_IMPLICIT_RETAIN_SELF = YES;
				CLANG_WARN_OBJC_LITERAL_CONVERSION = YES;
				CLANG_WARN_OBJC_ROOT_CLASS = YES_ERROR;
				CLANG_WARN_RANGE_LOOP_ANALYSIS = YES;
				CLANG_WARN_STRICT_PROTOTYPES = YES;
				CLANG_WARN_SUSPICIOUS_MOVE = YES;
				CLANG_WARN_UNGUARDED_AVAILABILITY = YES_AGGRESSIVE;
				CLANG_WARN_UNREACHABLE_CODE = YES;
				CLANG_WARN__DUPLICATE_METHOD_MATCH = YES;
				COPY_PHASE_STRIP = NO;
				DEBUG_INFORMATION_FORMAT = "dwarf-with-dsym";
				ENABLE_NS_ASSERTIONS = NO;
				ENABLE_STRICT_OBJC_MSGSEND = YES;
				GCC_C_LANGUAGE_STANDARD = gnu11;
				GCC_NO_COMMON_BLOCKS = YES;
				GCC_WARN_64_TO_32_BIT_CONVERSION = YES;
				GCC_WARN_ABOUT_RETURN_TYPE = YES_ERROR;
				GCC_WARN_UNDECLARED_SELECTOR = YES;
				GCC_WARN_UNINITIALIZED_AUTOS = YES_AGGRESSIVE;
				GCC_WARN_UNUSED_FUNCTION = YES;
				GCC_WARN_UNUSED_VARIABLE = YES;
				IPHONEOS_DEPLOYMENT_TARGET = 13.4;
				MTL_ENABLE_DEBUG_INFO = NO;
				MTL_FAST_MATH = YES;
				SDKROOT = iphoneos;
				SWIFT_COMPILATION_MODE = wholemodule;
				SWIFT_OPTIMIZATION_LEVEL = "-O";
				VALIDATE_PRODUCT = YES;
			};
			name = Release;
		};
		C9F6A38124DEBE7700AE448D /* Debug */ = {
			isa = XCBuildConfiguration;
			buildSettings = {
				ASSETCATALOG_COMPILER_APPICON_NAME = AppIcon;
				CODE_SIGN_STYLE = Automatic;
				INFOPLIST_FILE = FlickerSearch/Info.plist;
				LD_RUNPATH_SEARCH_PATHS = (
					"$(inherited)",
					"@executable_path/Frameworks",
				);
				PRODUCT_BUNDLE_IDENTIFIER = com.ezshare.FlickerSearch;
				PRODUCT_NAME = "$(TARGET_NAME)";
				SWIFT_VERSION = 5.0;
				TARGETED_DEVICE_FAMILY = "1,2";
			};
			name = Debug;
		};
		C9F6A38224DEBE7700AE448D /* Release */ = {
			isa = XCBuildConfiguration;
			buildSettings = {
				ASSETCATALOG_COMPILER_APPICON_NAME = AppIcon;
				CODE_SIGN_STYLE = Automatic;
				INFOPLIST_FILE = FlickerSearch/Info.plist;
				LD_RUNPATH_SEARCH_PATHS = (
					"$(inherited)",
					"@executable_path/Frameworks",
				);
				PRODUCT_BUNDLE_IDENTIFIER = com.ezshare.FlickerSearch;
				PRODUCT_NAME = "$(TARGET_NAME)";
				SWIFT_VERSION = 5.0;
				TARGETED_DEVICE_FAMILY = "1,2";
			};
			name = Release;
		};
/* End XCBuildConfiguration section */

/* Begin XCConfigurationList section */
		C9F6A36724DEBE7400AE448D /* Build configuration list for PBXProject "FlickerSearch" */ = {
			isa = XCConfigurationList;
			buildConfigurations = (
				C9F6A37E24DEBE7700AE448D /* Debug */,
				C9F6A37F24DEBE7700AE448D /* Release */,
			);
			defaultConfigurationIsVisible = 0;
			defaultConfigurationName = Release;
		};
		C9F6A38024DEBE7700AE448D /* Build configuration list for PBXNativeTarget "FlickerSearch" */ = {
			isa = XCConfigurationList;
			buildConfigurations = (
				C9F6A38124DEBE7700AE448D /* Debug */,
				C9F6A38224DEBE7700AE448D /* Release */,
			);
			defaultConfigurationIsVisible = 0;
			defaultConfigurationName = Release;
		};
/* End XCConfigurationList section */
	};
	rootObject = C9F6A36424DEBE7400AE448D /* Project object */;
}
